github.com/therandomsecurityguy/hugo-theme-nix v0.0.0-20210430001337-6ead326140a2 h1:m2bb8lMbUPX2yGDe+xAqX1MIDwqB5+RybxCqXnCQc+k=
github.com/therandomsecurityguy/hugo-theme-nix v0.0.0-20210430001337-6ead326140a2/go.mod h1:Kl5KvamZ+jfQZtH+Rjg+m0q/yR+QQOVL6nXY4xuGPQE=
github.com/therandomsecurityguy/hugo-theme-nix v0.0.0-20210430003237-5c5e7e98ee37 h1:1wzmaqE7LWu3An67LeND9onZbYudwuVD+13oMtAVz1k=
github.com/therandomsecurityguy/hugo-theme-nix v0.0.0-20210430003237-5c5e7e98ee37/go.mod h1:Kl5KvamZ+jfQZtH+Rjg+m0q/yR+QQOVL6nXY4xuGPQE=
github.com/therandomsecurityguy/hugo-theme-nix v0.0.0-20210430012203-45bd8e56680d h1:DhVA2oZxr5RLqld+HfSir2gpcQvcC13T/nzQWN7ASGs=
github.com/therandomsecurityguy/hugo-theme-nix v0.0.0-20210430012203-45bd8e56680d/go.mod h1:Kl5KvamZ+jfQZtH+Rjg+m0q/yR+QQOVL6nXY4xuGPQE=
github.com/therandomsecurityguy/hugo-theme-nix v0.0.0-20210430012329-826f978c6e20 h1:6If92T5QsZW6zpDBj3tIGDynkCiR4epQIhK3bhnS9/Y=
github.com/therandomsecurityguy/hugo-theme-nix v0.0.0-20210430012329-826f978c6e20/go.mod h1:Kl5KvamZ+jfQZtH+Rjg+m0q/yR+QQOVL6nXY4xuGPQE=
github.com/therandomsecurityguy/hugo-theme-nix v0.0.0-20210430012954-ba0f5ebccf9b h1:AxYfA9/3O3lWmdCTi8gMBhEAFSAE0C/rVV7/Ym9fdx8=
github.com/therandomsecurityguy/hugo-theme-nix v0.0.0-20210430012954-ba0f5ebccf9b/go.mod h1:Kl5KvamZ+jfQZtH+Rjg+m0q/yR+QQOVL6nXY4xuGPQE=
