github.com/therandomsecurityguy/hugo-theme-nix v0.0.0-20210430001337-6ead326140a2 h1:m2bb8lMbUPX2yGDe+xAqX1MIDwqB5+RybxCqXnCQc+k=
github.com/therandomsecurityguy/hugo-theme-nix v0.0.0-20210430001337-6ead326140a2/go.mod h1:Kl5KvamZ+jfQZtH+Rjg+m0q/yR+QQOVL6nXY4xuGPQE=
github.com/therandomsecurityguy/hugo-theme-nix v0.0.0-20210430003237-5c5e7e98ee37 h1:1wzmaqE7LWu3An67LeND9onZbYudwuVD+13oMtAVz1k=
github.com/therandomsecurityguy/hugo-theme-nix v0.0.0-20210430003237-5c5e7e98ee37/go.mod h1:Kl5KvamZ+jfQZtH+Rjg+m0q/yR+QQOVL6nXY4xuGPQE=
